
Microsoft Visual Studio Solution File, Format Version 12.00
# Visual Studio Version 17
VisualStudioVersion = 17.4.33403.182
MinimumVisualStudioVersion = 10.0.40219.1
Project("{FAE04EC0-301F-11D3-BF4B-00C04F79EFBC}") = "BirthdayCakeCandles", "BirthdayCakeCandles\BirthdayCakeCandles.csproj", "{C9406825-1AE9-480A-8D31-948D0AAA77EE}"
EndProject
Global
	GlobalSection(SolutionConfigurationPlatforms) = preSolution
		Debug|Any CPU = Debug|Any CPU
		Release|Any CPU = Release|Any CPU
	EndGlobalSection
	GlobalSection(ProjectConfigurationPlatforms) = postSolution
		{C9406825-1AE9-480A-8D31-948D0AAA77EE}.Debug|Any CPU.ActiveCfg = Debug|Any CPU
		{C9406825-1AE9-480A-8D31-948D0AAA77EE}.Debug|Any CPU.Build.0 = Debug|Any CPU
		{C9406825-1AE9-480A-8D31-948D0AAA77EE}.Release|Any CPU.ActiveCfg = Release|Any CPU
		{C9406825-1AE9-480A-8D31-948D0AAA77EE}.Release|Any CPU.Build.0 = Release|Any CPU
	EndGlobalSection
	GlobalSection(SolutionProperties) = preSolution
		HideSolutionNode = FALSE
	EndGlobalSection
	GlobalSection(ExtensibilityGlobals) = postSolution
		SolutionGuid = {54F54D64-C25C-410E-A05D-1F2F32517670}
	EndGlobalSection
EndGlobal
